{
  "name": "signumdistributor",
  "version": "1.0.0",
  "lockfileVersion": 2,
  "requires": true,
  "packages": {
    "": {
      "name": "signumdistributor",
      "version": "1.0.0",
      "license": "ISC",
      "dependencies": {
        "@burstjs/core": "^0.6.0-beta.6",
        "@burstjs/crypto": "^0.6.0-beta.6",
        "axios": "^0.21.1"
      }
    },
    "node_modules/@burstjs/contracts": {
      "version": "0.6.0-beta.6",
      "resolved": "https://registry.npmjs.org/@burstjs/contracts/-/contracts-0.6.0-beta.6.tgz",
      "integrity": "sha512-qtWG3UCFZ8rntlWO+Vp2BKwyw44hvOYRJJzwgYGvia6BpptBtOZevydqyX7wvdNEM/yjnBKK8ojchrhjuGTtYg==",
      "dependencies": {
        "@burstjs/util": "^0.6.0-beta.6"
      },
      "engines": {
        "node": ">=10"
      }
    },
    "node_modules/@burstjs/core": {
      "version": "0.6.0-beta.6",
      "resolved": "https://registry.npmjs.org/@burstjs/core/-/core-0.6.0-beta.6.tgz",
      "integrity": "sha512-c8g/ljbLCRTwwR2LJRZRtG5rQorIUyxWcsuJ2f58urrZQeqAcHxqrBdLE2m3IEVUHZW6mMawE7fMZ6bLRNnm2A==",
      "dependencies": {
        "@burstjs/contracts": "^0.6.0-beta.6",
        "@burstjs/crypto": "^0.6.0-beta.6",
        "@burstjs/http": "^0.6.0-beta.6",
        "@burstjs/util": "^0.6.0-beta.6"
      },
      "engines": {
        "node": ">=10"
      }
    },
    "node_modules/@burstjs/crypto": {
      "version": "0.6.0-beta.6",
      "resolved": "https://registry.npmjs.org/@burstjs/crypto/-/crypto-0.6.0-beta.6.tgz",
      "integrity": "sha512-xQSzuJpTXbweAX1hqKvHdwY51Bj5y7C8fLVkJvvgVQa160OPKhDRK3DET7GPs0P5TKRe13fzo2seO3bJexjbeA==",
      "dependencies": {
        "@types/crypto-js": "^3.1.43",
        "@types/node": "^12.0.0",
        "@types/pako": "^1.0.1",
        "@types/seedrandom": "^2.4.27",
        "crypto-js": "^3.1.9-1",
        "pako": "^1.0.10",
        "seedrandom": "^3.0.5"
      },
      "engines": {
        "node": ">=10"
      }
    },
    "node_modules/@burstjs/http": {
      "version": "0.6.0-beta.6",
      "resolved": "https://registry.npmjs.org/@burstjs/http/-/http-0.6.0-beta.6.tgz",
      "integrity": "sha512-KCZcDgYGwvQ2RLYhSCU9+GaYMTSZhVAv8GPeyfS4gjqGO5Vq2dk4hGQrnJ8N0nG6GrArCY4gpSDrZj1hJoAPkw==",
      "dependencies": {
        "axios": "^0.21.1"
      },
      "engines": {
        "node": ">=10"
      }
    },
    "node_modules/@burstjs/util": {
      "version": "0.6.0-beta.6",
      "resolved": "https://registry.npmjs.org/@burstjs/util/-/util-0.6.0-beta.6.tgz",
      "integrity": "sha512-1VVtxn9s8Hn0J+GBvl7yrClxKHL422SZYyNXDwCu2YTZvsPbrGCUixm8ZNZw10iCkSYeZFquEKd7bZimWZ8xkw==",
      "dependencies": {
        "bignumber.js": "^9.0.0",
        "js-base64": "^3.6.0"
      },
      "engines": {
        "node": ">=10"
      }
    },
    "node_modules/@types/crypto-js": {
      "version": "3.1.47",
      "resolved": "https://registry.npmjs.org/@types/crypto-js/-/crypto-js-3.1.47.tgz",
      "integrity": "sha512-eI6gvpcGHLk3dAuHYnRCAjX+41gMv1nz/VP55wAe5HtmAKDOoPSfr3f6vkMc08ov1S0NsjvUBxDtHHxqQY1LGA=="
    },
    "node_modules/@types/node": {
      "version": "12.20.15",
      "resolved": "https://registry.npmjs.org/@types/node/-/node-12.20.15.tgz",
      "integrity": "sha512-F6S4Chv4JicJmyrwlDkxUdGNSplsQdGwp1A0AJloEVDirWdZOAiRHhovDlsFkKUrquUXhz1imJhXHsf59auyAg=="
    },
    "node_modules/@types/pako": {
      "version": "1.0.1",
      "resolved": "https://registry.npmjs.org/@types/pako/-/pako-1.0.1.tgz",
      "integrity": "sha512-GdZbRSJ3Cv5fiwT6I0SQ3ckeN2PWNqxd26W9Z2fCK1tGrrasGy4puvNFtnddqH9UJFMQYXxEuuB7B8UK+LLwSg=="
    },
    "node_modules/@types/seedrandom": {
      "version": "2.4.29",
      "resolved": "https://registry.npmjs.org/@types/seedrandom/-/seedrandom-2.4.29.tgz",
      "integrity": "sha512-nSjRNBaE9y5Zzv6CCwDWH6DVC0E+g8/1Nu7LOSntusxQaHZOv9GJ7rrnS5G1dSGd2k1Ovvg5+JJG6idjuGtpDA=="
    },
    "node_modules/axios": {
      "version": "0.21.1",
      "resolved": "https://registry.npmjs.org/axios/-/axios-0.21.1.tgz",
      "integrity": "sha512-dKQiRHxGD9PPRIUNIWvZhPTPpl1rf/OxTYKsqKUDjBwYylTvV7SjSHJb9ratfyzM6wCdLCOYLzs73qpg5c4iGA==",
      "dependencies": {
        "follow-redirects": "^1.10.0"
      }
    },
    "node_modules/bignumber.js": {
      "version": "9.0.1",
      "resolved": "https://registry.npmjs.org/bignumber.js/-/bignumber.js-9.0.1.tgz",
      "integrity": "sha512-IdZR9mh6ahOBv/hYGiXyVuyCetmGJhtYkqLBpTStdhEGjegpPlUawydyaF3pbIOFynJTpllEs+NP+CS9jKFLjA==",
      "engines": {
        "node": "*"
      }
    },
    "node_modules/crypto-js": {
      "version": "3.3.0",
      "resolved": "https://registry.npmjs.org/crypto-js/-/crypto-js-3.3.0.tgz",
      "integrity": "sha512-DIT51nX0dCfKltpRiXV+/TVZq+Qq2NgF4644+K7Ttnla7zEzqc+kjJyiB96BHNyUTBxyjzRcZYpUdZa+QAqi6Q=="
    },
    "node_modules/follow-redirects": {
      "version": "1.14.1",
      "resolved": "https://registry.npmjs.org/follow-redirects/-/follow-redirects-1.14.1.tgz",
      "integrity": "sha512-HWqDgT7ZEkqRzBvc2s64vSZ/hfOceEol3ac/7tKwzuvEyWx3/4UegXh5oBOIotkGsObyk3xznnSRVADBgWSQVg==",
      "funding": [
        {
          "type": "individual",
          "url": "https://github.com/sponsors/RubenVerborgh"
        }
      ],
      "engines": {
        "node": ">=4.0"
      },
      "peerDependenciesMeta": {
        "debug": {
          "optional": true
        }
      }
    },
    "node_modules/js-base64": {
      "version": "3.6.1",
      "resolved": "https://registry.npmjs.org/js-base64/-/js-base64-3.6.1.tgz",
      "integrity": "sha512-Frdq2+tRRGLQUIQOgsIGSCd1VePCS2fsddTG5dTCqR0JHgltXWfsxnY0gIXPoMeRmdom6Oyq+UMOFg5suduOjQ=="
    },
    "node_modules/pako": {
      "version": "1.0.11",
      "resolved": "https://registry.npmjs.org/pako/-/pako-1.0.11.tgz",
      "integrity": "sha512-4hLB8Py4zZce5s4yd9XzopqwVv/yGNhV1Bl8NTmCq1763HeK2+EwVTv+leGeL13Dnh2wfbqowVPXCIO0z4taYw=="
    },
    "node_modules/seedrandom": {
      "version": "3.0.5",
      "resolved": "https://registry.npmjs.org/seedrandom/-/seedrandom-3.0.5.tgz",
      "integrity": "sha512-8OwmbklUNzwezjGInmZ+2clQmExQPvomqjL7LFqOYqtmuxRgQYqOD3mHaU+MvZn5FLUeVxVfQjwLZW/n/JFuqg=="
    }
  },
  "dependencies": {
    "@burstjs/contracts": {
      "version": "0.6.0-beta.6",
      "resolved": "https://registry.npmjs.org/@burstjs/contracts/-/contracts-0.6.0-beta.6.tgz",
      "integrity": "sha512-qtWG3UCFZ8rntlWO+Vp2BKwyw44hvOYRJJzwgYGvia6BpptBtOZevydqyX7wvdNEM/yjnBKK8ojchrhjuGTtYg==",
      "requires": {
        "@burstjs/util": "^0.6.0-beta.6"
      }
    },
    "@burstjs/core": {
      "version": "0.6.0-beta.6",
      "resolved": "https://registry.npmjs.org/@burstjs/core/-/core-0.6.0-beta.6.tgz",
      "integrity": "sha512-c8g/ljbLCRTwwR2LJRZRtG5rQorIUyxWcsuJ2f58urrZQeqAcHxqrBdLE2m3IEVUHZW6mMawE7fMZ6bLRNnm2A==",
      "requires": {
        "@burstjs/contracts": "^0.6.0-beta.6",
        "@burstjs/crypto": "^0.6.0-beta.6",
        "@burstjs/http": "^0.6.0-beta.6",
        "@burstjs/util": "^0.6.0-beta.6"
      }
    },
    "@burstjs/crypto": {
      "version": "0.6.0-beta.6",
      "resolved": "https://registry.npmjs.org/@burstjs/crypto/-/crypto-0.6.0-beta.6.tgz",
      "integrity": "sha512-xQSzuJpTXbweAX1hqKvHdwY51Bj5y7C8fLVkJvvgVQa160OPKhDRK3DET7GPs0P5TKRe13fzo2seO3bJexjbeA==",
      "requires": {
        "@types/crypto-js": "^3.1.43",
        "@types/node": "^12.0.0",
        "@types/pako": "^1.0.1",
        "@types/seedrandom": "^2.4.27",
        "crypto-js": "^3.1.9-1",
        "pako": "^1.0.10",
        "seedrandom": "^3.0.5"
      }
    },
    "@burstjs/http": {
      "version": "0.6.0-beta.6",
      "resolved": "https://registry.npmjs.org/@burstjs/http/-/http-0.6.0-beta.6.tgz",
      "integrity": "sha512-KCZcDgYGwvQ2RLYhSCU9+GaYMTSZhVAv8GPeyfS4gjqGO5Vq2dk4hGQrnJ8N0nG6GrArCY4gpSDrZj1hJoAPkw==",
      "requires": {
        "axios": "^0.21.1"
      }
    },
    "@burstjs/util": {
      "version": "0.6.0-beta.6",
      "resolved": "https://registry.npmjs.org/@burstjs/util/-/util-0.6.0-beta.6.tgz",
      "integrity": "sha512-1VVtxn9s8Hn0J+GBvl7yrClxKHL422SZYyNXDwCu2YTZvsPbrGCUixm8ZNZw10iCkSYeZFquEKd7bZimWZ8xkw==",
      "requires": {
        "bignumber.js": "^9.0.0",
        "js-base64": "^3.6.0"
      }
    },
    "@types/crypto-js": {
      "version": "3.1.47",
      "resolved": "https://registry.npmjs.org/@types/crypto-js/-/crypto-js-3.1.47.tgz",
      "integrity": "sha512-eI6gvpcGHLk3dAuHYnRCAjX+41gMv1nz/VP55wAe5HtmAKDOoPSfr3f6vkMc08ov1S0NsjvUBxDtHHxqQY1LGA=="
    },
    "@types/node": {
      "version": "12.20.15",
      "resolved": "https://registry.npmjs.org/@types/node/-/node-12.20.15.tgz",
      "integrity": "sha512-F6S4Chv4JicJmyrwlDkxUdGNSplsQdGwp1A0AJloEVDirWdZOAiRHhovDlsFkKUrquUXhz1imJhXHsf59auyAg=="
    },
    "@types/pako": {
      "version": "1.0.1",
      "resolved": "https://registry.npmjs.org/@types/pako/-/pako-1.0.1.tgz",
      "integrity": "sha512-GdZbRSJ3Cv5fiwT6I0SQ3ckeN2PWNqxd26W9Z2fCK1tGrrasGy4puvNFtnddqH9UJFMQYXxEuuB7B8UK+LLwSg=="
    },
    "@types/seedrandom": {
      "version": "2.4.29",
      "resolved": "https://registry.npmjs.org/@types/seedrandom/-/seedrandom-2.4.29.tgz",
      "integrity": "sha512-nSjRNBaE9y5Zzv6CCwDWH6DVC0E+g8/1Nu7LOSntusxQaHZOv9GJ7rrnS5G1dSGd2k1Ovvg5+JJG6idjuGtpDA=="
    },
    "axios": {
      "version": "0.21.1",
      "resolved": "https://registry.npmjs.org/axios/-/axios-0.21.1.tgz",
      "integrity": "sha512-dKQiRHxGD9PPRIUNIWvZhPTPpl1rf/OxTYKsqKUDjBwYylTvV7SjSHJb9ratfyzM6wCdLCOYLzs73qpg5c4iGA==",
      "requires": {
        "follow-redirects": "^1.10.0"
      }
    },
    "bignumber.js": {
      "version": "9.0.1",
      "resolved": "https://registry.npmjs.org/bignumber.js/-/bignumber.js-9.0.1.tgz",
      "integrity": "sha512-IdZR9mh6ahOBv/hYGiXyVuyCetmGJhtYkqLBpTStdhEGjegpPlUawydyaF3pbIOFynJTpllEs+NP+CS9jKFLjA=="
    },
    "crypto-js": {
      "version": "3.3.0",
      "resolved": "https://registry.npmjs.org/crypto-js/-/crypto-js-3.3.0.tgz",
      "integrity": "sha512-DIT51nX0dCfKltpRiXV+/TVZq+Qq2NgF4644+K7Ttnla7zEzqc+kjJyiB96BHNyUTBxyjzRcZYpUdZa+QAqi6Q=="
    },
    "follow-redirects": {
      "version": "1.14.1",
      "resolved": "https://registry.npmjs.org/follow-redirects/-/follow-redirects-1.14.1.tgz",
      "integrity": "sha512-HWqDgT7ZEkqRzBvc2s64vSZ/hfOceEol3ac/7tKwzuvEyWx3/4UegXh5oBOIotkGsObyk3xznnSRVADBgWSQVg=="
    },
    "js-base64": {
      "version": "3.6.1",
      "resolved": "https://registry.npmjs.org/js-base64/-/js-base64-3.6.1.tgz",
      "integrity": "sha512-Frdq2+tRRGLQUIQOgsIGSCd1VePCS2fsddTG5dTCqR0JHgltXWfsxnY0gIXPoMeRmdom6Oyq+UMOFg5suduOjQ=="
    },
    "pako": {
      "version": "1.0.11",
      "resolved": "https://registry.npmjs.org/pako/-/pako-1.0.11.tgz",
      "integrity": "sha512-4hLB8Py4zZce5s4yd9XzopqwVv/yGNhV1Bl8NTmCq1763HeK2+EwVTv+leGeL13Dnh2wfbqowVPXCIO0z4taYw=="
    },
    "seedrandom": {
      "version": "3.0.5",
      "resolved": "https://registry.npmjs.org/seedrandom/-/seedrandom-3.0.5.tgz",
      "integrity": "sha512-8OwmbklUNzwezjGInmZ+2clQmExQPvomqjL7LFqOYqtmuxRgQYqOD3mHaU+MvZn5FLUeVxVfQjwLZW/n/JFuqg=="
    }
  }
}
